{
  "name": "password-generator-ia",
  "version": "0.2.0",
  "lockfileVersion": 3,
  "requires": true,
  "packages": {
    "": {
      "name": "password-generator-ia",
      "version": "0.2.0",
      "bin": {
        "gerar-senha": "cli.mjs"
      },
      "engines": {
        "node": ">=19"
      }
    }
  }
}
